# This file is automatically @generated by Poetry 1.8.2 and should not be changed by hand.

[[package]]
name = "pymem"
version = "1.13.1"
description = "pymem: python memory access made easy"
optional = false
python-versions = "*"
files = [
    {file = "Pymem-1.13.1-py3-none-any.whl", hash = "sha256:ea1649469d853edae1aadb73072dcb807b547a069b9a6f2c9d106d5376bdc638"},
    {file = "Pymem-1.13.1.tar.gz", hash = "sha256:82b50040e2e85179dc702d93d4857b475e0d2eb449bd5f1c50d3f40eb05ae1ad"},
    {file = "pymem-1.13.1-py3-none-any.whl", hash = "sha256:aa0d1c7ca2e6a769c81734b32c6983ff03affcccb99eb6b9b659cdf04b39fcc9"},
]

[package.extras]
doc = ["recommonmark (==0.7.1)", "sphinx (==4.4.0)", "sphinx-rtd-theme (==1.0.0)"]
speed = ["regex"]
test = ["codecov", "pytest", "pytest-cov", "twine"]

[[package]]
name = "pywin32-ctypes"
version = "0.2.2"
description = "A (partial) reimplementation of pywin32 using ctypes/cffi"
optional = false
python-versions = ">=3.6"
files = [
    {file = "pywin32-ctypes-0.2.2.tar.gz", hash = "sha256:3426e063bdd5fd4df74a14fa3cf80a0b42845a87e1d1e81f6549f9daec593a60"},
    {file = "pywin32_ctypes-0.2.2-py3-none-any.whl", hash = "sha256:bf490a1a709baf35d688fe0ecf980ed4de11d2b3e37b51e5442587a75d9957e7"},
]

[metadata]
lock-version = "2.0"
python-versions = "^3.12"
content-hash = "c8ef4bbf273111550e89d8fe3128448c192a592cfa8ecedc44a8eada454eefbc"
